
Microsoft Visual Studio Solution File, Format Version 12.00
# Visual Studio Version 17
VisualStudioVersion = 17.1.32414.318
MinimumVisualStudioVersion = 10.0.40219.1
Project("{FAE04EC0-301F-11D3-BF4B-00C04F79EFBC}") = "DMS.Server", "DMS\Server\DMS.Server.csproj", "{DCA13978-5D98-4AFB-87BD-FAE1D6A4DB51}"
EndProject
Project("{FAE04EC0-301F-11D3-BF4B-00C04F79EFBC}") = "DMS.Client", "DMS\Client\DMS.Client.csproj", "{8C1A26E2-105B-4522-97F9-DA7A120A5072}"
EndProject
Project("{FAE04EC0-301F-11D3-BF4B-00C04F79EFBC}") = "DMS.Shared", "DMS\Shared\DMS.Shared.csproj", "{23D2402C-F235-4227-8359-E37F703D5F37}"
EndProject
Global
	GlobalSection(SolutionConfigurationPlatforms) = preSolution
		Debug|Any CPU = Debug|Any CPU
		Release|Any CPU = Release|Any CPU
	EndGlobalSection
	GlobalSection(ProjectConfigurationPlatforms) = postSolution
		{DCA13978-5D98-4AFB-87BD-FAE1D6A4DB51}.Debug|Any CPU.ActiveCfg = Debug|Any CPU
		{DCA13978-5D98-4AFB-87BD-FAE1D6A4DB51}.Debug|Any CPU.Build.0 = Debug|Any CPU
		{DCA13978-5D98-4AFB-87BD-FAE1D6A4DB51}.Release|Any CPU.ActiveCfg = Release|Any CPU
		{DCA13978-5D98-4AFB-87BD-FAE1D6A4DB51}.Release|Any CPU.Build.0 = Release|Any CPU
		{8C1A26E2-105B-4522-97F9-DA7A120A5072}.Debug|Any CPU.ActiveCfg = Debug|Any CPU
		{8C1A26E2-105B-4522-97F9-DA7A120A5072}.Debug|Any CPU.Build.0 = Debug|Any CPU
		{8C1A26E2-105B-4522-97F9-DA7A120A5072}.Release|Any CPU.ActiveCfg = Release|Any CPU
		{8C1A26E2-105B-4522-97F9-DA7A120A5072}.Release|Any CPU.Build.0 = Release|Any CPU
		{23D2402C-F235-4227-8359-E37F703D5F37}.Debug|Any CPU.ActiveCfg = Debug|Any CPU
		{23D2402C-F235-4227-8359-E37F703D5F37}.Debug|Any CPU.Build.0 = Debug|Any CPU
		{23D2402C-F235-4227-8359-E37F703D5F37}.Release|Any CPU.ActiveCfg = Release|Any CPU
		{23D2402C-F235-4227-8359-E37F703D5F37}.Release|Any CPU.Build.0 = Release|Any CPU
	EndGlobalSection
	GlobalSection(SolutionProperties) = preSolution
		HideSolutionNode = FALSE
	EndGlobalSection
	GlobalSection(ExtensibilityGlobals) = postSolution
		SolutionGuid = {293DC261-2BDF-4463-93BF-80F332BF1B80}
	EndGlobalSection
EndGlobal
